
Microsoft Visual Studio Solution File, Format Version 12.00
# Visual Studio Version 17
VisualStudioVersion = 17.13.35919.96 d17.13
MinimumVisualStudioVersion = 10.0.40219.1
Project("{FAE04EC0-301F-11D3-BF4B-00C04F79EFBC}") = "hello_world", "hello_world\hello_world.csproj", "{0F745E3F-4E3D-45DC-B7F4-F003617FB860}"
EndProject
Global
	GlobalSection(SolutionConfigurationPlatforms) = preSolution
		Debug|Any CPU = Debug|Any CPU
		Release|Any CPU = Release|Any CPU
	EndGlobalSection
	GlobalSection(ProjectConfigurationPlatforms) = postSolution
		{0F745E3F-4E3D-45DC-B7F4-F003617FB860}.Debug|Any CPU.ActiveCfg = Debug|Any CPU
		{0F745E3F-4E3D-45DC-B7F4-F003617FB860}.Debug|Any CPU.Build.0 = Debug|Any CPU
		{0F745E3F-4E3D-45DC-B7F4-F003617FB860}.Release|Any CPU.ActiveCfg = Release|Any CPU
		{0F745E3F-4E3D-45DC-B7F4-F003617FB860}.Release|Any CPU.Build.0 = Release|Any CPU
	EndGlobalSection
	GlobalSection(SolutionProperties) = preSolution
		HideSolutionNode = FALSE
	EndGlobalSection
	GlobalSection(ExtensibilityGlobals) = postSolution
		SolutionGuid = {E99718C4-5FB6-473F-A1EC-7F66646B33C6}
	EndGlobalSection
EndGlobal
