
Microsoft Visual Studio Solution File, Format Version 12.00
# Visual Studio Version 17
VisualStudioVersion = 17.13.35919.96 d17.13
MinimumVisualStudioVersion = 10.0.40219.1
Project("{FAE04EC0-301F-11D3-BF4B-00C04F79EFBC}") = "GameForm", "GameForm\GameForm.csproj", "{C8A399C1-2ECF-4BA1-996D-233AF9E80949}"
EndProject
Global
	GlobalSection(SolutionConfigurationPlatforms) = preSolution
		Debug|Any CPU = Debug|Any CPU
		Release|Any CPU = Release|Any CPU
	EndGlobalSection
	GlobalSection(ProjectConfigurationPlatforms) = postSolution
		{C8A399C1-2ECF-4BA1-996D-233AF9E80949}.Debug|Any CPU.ActiveCfg = Debug|Any CPU
		{C8A399C1-2ECF-4BA1-996D-233AF9E80949}.Debug|Any CPU.Build.0 = Debug|Any CPU
		{C8A399C1-2ECF-4BA1-996D-233AF9E80949}.Release|Any CPU.ActiveCfg = Release|Any CPU
		{C8A399C1-2ECF-4BA1-996D-233AF9E80949}.Release|Any CPU.Build.0 = Release|Any CPU
	EndGlobalSection
	GlobalSection(SolutionProperties) = preSolution
		HideSolutionNode = FALSE
	EndGlobalSection
	GlobalSection(ExtensibilityGlobals) = postSolution
		SolutionGuid = {B4968408-0B49-49F1-AB1E-126CB2C5346B}
	EndGlobalSection
EndGlobal
